{
  "nodes": {
    "agenix": {
      "inputs": {
        "nixpkgs": [
          "nixpkgs"
        ]
      },
      "locked": {
        "lastModified": 1673301561,
        "narHash": "sha256-gRUWHbBAtMuPDJQXotoI8u6+3DGBIUZHkyQWpIv7WpM=",
        "owner": "ryantm",
        "repo": "agenix",
        "rev": "42d371d861a227149dc9a7e03350c9ab8b8ddd68",
        "type": "github"
      },
      "original": {
        "owner": "ryantm",
        "repo": "agenix",
        "type": "github"
      }
    },
    "flake-parts": {
      "inputs": {
        "nixpkgs-lib": "nixpkgs-lib"
      },
      "locked": {
        "lastModified": 1674771137,
        "narHash": "sha256-Zpk1GbEsYrqKmuIZkx+f+8pU0qcCYJoSUwNz1Zk+R00=",
        "owner": "hercules-ci",
        "repo": "flake-parts",
        "rev": "7c7a8bce3dffe71203dcd4276504d1cb49dfe05f",
        "type": "github"
      },
      "original": {
        "owner": "hercules-ci",
        "repo": "flake-parts",
        "type": "github"
      }
    },
    "home-manager": {
      "inputs": {
        "nixpkgs": [
          "nixpkgs"
        ],
        "utils": "utils"
      },
      "locked": {
        "lastModified": 1674928308,
        "narHash": "sha256-elVU4NUZEl11BdT4gC+lrpLYM8Ccxqxs19Ix84HTI9o=",
        "owner": "nix-community",
        "repo": "home-manager",
        "rev": "08a778d80308353f4f65c9dcd3790b5da02d6306",
        "type": "github"
      },
      "original": {
        "owner": "nix-community",
        "repo": "home-manager",
        "type": "github"
      }
    },
    "homeage": {
      "inputs": {
        "nixpkgs": [
          "nixpkgs"
        ]
      },
      "locked": {
        "lastModified": 1669234151,
        "narHash": "sha256-TwT87E3m2TZLgwYJESlype14HxUOrRGojPM5C2akrMg=",
        "owner": "jordanisaacs",
        "repo": "homeage",
        "rev": "02bfe4ca06962d222e522fff0240c93946b20278",
        "type": "github"
      },
      "original": {
        "owner": "jordanisaacs",
        "repo": "homeage",
        "type": "github"
      }
    },
    "nixpkgs": {
      "locked": {
        "lastModified": 1674641431,
        "narHash": "sha256-qfo19qVZBP4qn5M5gXc/h1MDgAtPA5VxJm9s8RUAkVk=",
        "owner": "nixos",
        "repo": "nixpkgs",
        "rev": "9b97ad7b4330aacda9b2343396eb3df8a853b4fc",
        "type": "github"
      },
      "original": {
        "owner": "nixos",
        "ref": "nixos-unstable",
        "repo": "nixpkgs",
        "type": "github"
      }
    },
    "nixpkgs-lib": {
      "locked": {
        "dir": "lib",
        "lastModified": 1672350804,
        "narHash": "sha256-jo6zkiCabUBn3ObuKXHGqqORUMH27gYDIFFfLq5P4wg=",
        "owner": "NixOS",
        "repo": "nixpkgs",
        "rev": "677ed08a50931e38382dbef01cba08a8f7eac8f6",
        "type": "github"
      },
      "original": {
        "dir": "lib",
        "owner": "NixOS",
        "ref": "nixos-unstable",
        "repo": "nixpkgs",
        "type": "github"
      }
    },
    "nur": {
      "locked": {
        "lastModified": 1674945972,
        "narHash": "sha256-BfNnYn3iKm6tL4HLDtk/X0f6uPWTToVPxiNe9asWDmk=",
        "owner": "nix-community",
        "repo": "NUR",
        "rev": "3ccb2c06d5be111aa3bbc36c7f30dd10a69b9a7a",
        "type": "github"
      },
      "original": {
        "owner": "nix-community",
        "repo": "NUR",
        "type": "github"
      }
    },
    "root": {
      "inputs": {
        "agenix": "agenix",
        "flake-parts": "flake-parts",
        "home-manager": "home-manager",
        "homeage": "homeage",
        "nixpkgs": "nixpkgs",
        "nur": "nur"
      }
    },
    "utils": {
      "locked": {
        "lastModified": 1667395993,
        "narHash": "sha256-nuEHfE/LcWyuSWnS8t12N1wc105Qtau+/OdUAjtQ0rA=",
        "owner": "numtide",
        "repo": "flake-utils",
        "rev": "5aed5285a952e0b949eb3ba02c12fa4fcfef535f",
        "type": "github"
      },
      "original": {
        "owner": "numtide",
        "repo": "flake-utils",
        "type": "github"
      }
    }
  },
  "root": "root",
  "version": 7
}
