{
  "nodes": {
    "flake-parts": {
      "inputs": {
        "nixpkgs-lib": "nixpkgs-lib"
      },
      "locked": {
        "lastModified": 1683560683,
        "narHash": "sha256-XAygPMN5Xnk/W2c1aW0jyEa6lfMDZWlQgiNtmHXytPc=",
        "owner": "hercules-ci",
        "repo": "flake-parts",
        "rev": "006c75898cf814ef9497252b022e91c946ba8e17",
        "type": "github"
      },
      "original": {
        "owner": "hercules-ci",
        "repo": "flake-parts",
        "type": "github"
      }
    },
    "flake-parts_2": {
      "inputs": {
        "nixpkgs-lib": "nixpkgs-lib_2"
      },
      "locked": {
        "lastModified": 1680392223,
        "narHash": "sha256-n3g7QFr85lDODKt250rkZj2IFS3i4/8HBU2yKHO3tqw=",
        "owner": "hercules-ci",
        "repo": "flake-parts",
        "rev": "dcc36e45d054d7bb554c9cdab69093debd91a0b5",
        "type": "github"
      },
      "original": {
        "owner": "hercules-ci",
        "repo": "flake-parts",
        "type": "github"
      }
    },
    "flake-parts_3": {
      "inputs": {
        "nixpkgs-lib": "nixpkgs-lib_3"
      },
      "locked": {
        "lastModified": 1675933616,
        "narHash": "sha256-/rczJkJHtx16IFxMmAWu5nNYcSXNg1YYXTHoGjLrLUA=",
        "owner": "hercules-ci",
        "repo": "flake-parts",
        "rev": "47478a4a003e745402acf63be7f9a092d51b83d7",
        "type": "github"
      },
      "original": {
        "owner": "hercules-ci",
        "repo": "flake-parts",
        "type": "github"
      }
    },
    "home-manager": {
      "inputs": {
        "nixpkgs": [
          "nixpkgs"
        ]
      },
      "locked": {
        "lastModified": 1683651229,
        "narHash": "sha256-HN0Mw8g1XQIrcdyzqT00YW0Uqi/V/BUUUAgvcK1pcSM=",
        "owner": "nix-community",
        "repo": "home-manager",
        "rev": "983f8a1bb965b261492123cd8e2d07da46d4d50a",
        "type": "github"
      },
      "original": {
        "owner": "nix-community",
        "repo": "home-manager",
        "type": "github"
      }
    },
    "homeage": {
      "inputs": {
        "nixpkgs": [
          "nixpkgs"
        ]
      },
      "locked": {
        "lastModified": 1669234151,
        "narHash": "sha256-TwT87E3m2TZLgwYJESlype14HxUOrRGojPM5C2akrMg=",
        "owner": "jordanisaacs",
        "repo": "homeage",
        "rev": "02bfe4ca06962d222e522fff0240c93946b20278",
        "type": "github"
      },
      "original": {
        "owner": "jordanisaacs",
        "repo": "homeage",
        "type": "github"
      }
    },
    "hyprland": {
      "inputs": {
        "hyprland-protocols": "hyprland-protocols",
        "nixpkgs": "nixpkgs",
        "wlroots": "wlroots",
        "xdph": "xdph"
      },
      "locked": {
        "lastModified": 1683648078,
        "narHash": "sha256-p9vcDqWrbnS5E+8VBXtduqrElPXIDxXHvgAil15daVo=",
        "owner": "hyprwm",
        "repo": "Hyprland",
        "rev": "7fde80f38eefef4ec1e682947c4ae152aa0974db",
        "type": "github"
      },
      "original": {
        "owner": "hyprwm",
        "repo": "Hyprland",
        "type": "github"
      }
    },
    "hyprland-protocols": {
      "inputs": {
        "nixpkgs": [
          "hyprland",
          "nixpkgs"
        ]
      },
      "locked": {
        "lastModified": 1681065697,
        "narHash": "sha256-QPzwwlGKX95tl6ZEshboZbEwwAXww6lNLdVYd6T9Mrc=",
        "owner": "hyprwm",
        "repo": "hyprland-protocols",
        "rev": "4d29e48433270a2af06b8bc711ca1fe5109746cd",
        "type": "github"
      },
      "original": {
        "owner": "hyprwm",
        "repo": "hyprland-protocols",
        "type": "github"
      }
    },
    "nh": {
      "inputs": {
        "flake-parts": "flake-parts_2",
        "nix-filter": "nix-filter",
        "nixpkgs": [
          "nixpkgs"
        ]
      },
      "locked": {
        "lastModified": 1682928226,
        "narHash": "sha256-3QY1Wl2282tPJlcsmu2RyTMuQxd7EnAuNjosSTPywDk=",
        "owner": "viperML",
        "repo": "nh",
        "rev": "d203dca375ab78944cd382f804914c5647803bcc",
        "type": "github"
      },
      "original": {
        "owner": "viperML",
        "repo": "nh",
        "type": "github"
      }
    },
    "nix-filter": {
      "locked": {
        "lastModified": 1681154353,
        "narHash": "sha256-MCJ5FHOlbfQRFwN0brqPbCunLEVw05D/3sRVoNVt2tI=",
        "owner": "numtide",
        "repo": "nix-filter",
        "rev": "f529f42792ade8e32c4be274af6b6d60857fbee7",
        "type": "github"
      },
      "original": {
        "owner": "numtide",
        "repo": "nix-filter",
        "type": "github"
      }
    },
    "nixpkgs": {
      "locked": {
        "lastModified": 1683014792,
        "narHash": "sha256-6Va9iVtmmsw4raBc3QKvQT2KT/NGRWlvUlJj46zN8B8=",
        "owner": "NixOS",
        "repo": "nixpkgs",
        "rev": "1a411f23ba299db155a5b45d5e145b85a7aafc42",
        "type": "github"
      },
      "original": {
        "owner": "NixOS",
        "ref": "nixos-unstable",
        "repo": "nixpkgs",
        "type": "github"
      }
    },
    "nixpkgs-lib": {
      "locked": {
        "dir": "lib",
        "lastModified": 1682879489,
        "narHash": "sha256-sASwo8gBt7JDnOOstnps90K1wxmVfyhsTPPNTGBPjjg=",
        "owner": "NixOS",
        "repo": "nixpkgs",
        "rev": "da45bf6ec7bbcc5d1e14d3795c025199f28e0de0",
        "type": "github"
      },
      "original": {
        "dir": "lib",
        "owner": "NixOS",
        "ref": "nixos-unstable",
        "repo": "nixpkgs",
        "type": "github"
      }
    },
    "nixpkgs-lib_2": {
      "locked": {
        "dir": "lib",
        "lastModified": 1680213900,
        "narHash": "sha256-cIDr5WZIj3EkKyCgj/6j3HBH4Jj1W296z7HTcWj1aMA=",
        "owner": "NixOS",
        "repo": "nixpkgs",
        "rev": "e3652e0735fbec227f342712f180f4f21f0594f2",
        "type": "github"
      },
      "original": {
        "dir": "lib",
        "owner": "NixOS",
        "ref": "nixos-unstable",
        "repo": "nixpkgs",
        "type": "github"
      }
    },
    "nixpkgs-lib_3": {
      "locked": {
        "dir": "lib",
        "lastModified": 1675183161,
        "narHash": "sha256-Zq8sNgAxDckpn7tJo7V1afRSk2eoVbu3OjI1QklGLNg=",
        "owner": "NixOS",
        "repo": "nixpkgs",
        "rev": "e1e1b192c1a5aab2960bf0a0bd53a2e8124fa18e",
        "type": "github"
      },
      "original": {
        "dir": "lib",
        "owner": "NixOS",
        "ref": "nixos-unstable",
        "repo": "nixpkgs",
        "type": "github"
      }
    },
    "nixpkgs-stable": {
      "locked": {
        "lastModified": 1683627095,
        "narHash": "sha256-8u9SejRpL2TrMuHBdhYh4FKc1OGPDLyWTpIbNTtoHsA=",
        "owner": "nixos",
        "repo": "nixpkgs",
        "rev": "a08e061a4ee8329747d54ddf1566d34c55c895eb",
        "type": "github"
      },
      "original": {
        "owner": "nixos",
        "ref": "nixos-22.11",
        "repo": "nixpkgs",
        "type": "github"
      }
    },
    "nixpkgs-stable_2": {
      "locked": {
        "lastModified": 1683504292,
        "narHash": "sha256-jlZbBIKGa6IMGkcJkQ08pbKnouTAPfeq1fD5I7l/rBw=",
        "owner": "NixOS",
        "repo": "nixpkgs",
        "rev": "ba0086c178d4ed60a7899f739caea553eca2e046",
        "type": "github"
      },
      "original": {
        "owner": "NixOS",
        "ref": "release-22.11",
        "repo": "nixpkgs",
        "type": "github"
      }
    },
    "nixpkgs_2": {
      "locked": {
        "lastModified": 1683408522,
        "narHash": "sha256-9kcPh6Uxo17a3kK3XCHhcWiV1Yu1kYj22RHiymUhMkU=",
        "owner": "nixos",
        "repo": "nixpkgs",
        "rev": "897876e4c484f1e8f92009fd11b7d988a121a4e7",
        "type": "github"
      },
      "original": {
        "owner": "nixos",
        "ref": "nixos-unstable",
        "repo": "nixpkgs",
        "type": "github"
      }
    },
    "nur": {
      "locked": {
        "lastModified": 1683684971,
        "narHash": "sha256-yazKdJhQkQA3jzWmU0kL6pXkGf3BWgGEoBS7sHt4i+U=",
        "owner": "nix-community",
        "repo": "NUR",
        "rev": "5374d09ae8e4e1f599a3f6de4e56e06a80263e49",
        "type": "github"
      },
      "original": {
        "owner": "nix-community",
        "repo": "NUR",
        "type": "github"
      }
    },
    "root": {
      "inputs": {
        "flake-parts": "flake-parts",
        "home-manager": "home-manager",
        "homeage": "homeage",
        "hyprland": "hyprland",
        "nh": "nh",
        "nixpkgs": "nixpkgs_2",
        "nixpkgs-stable": "nixpkgs-stable",
        "nur": "nur",
        "sops-nix": "sops-nix",
        "talhelper": "talhelper"
      }
    },
    "sops-nix": {
      "inputs": {
        "nixpkgs": [
          "nixpkgs"
        ],
        "nixpkgs-stable": "nixpkgs-stable_2"
      },
      "locked": {
        "lastModified": 1683545104,
        "narHash": "sha256-48wC0zzHAej/wLFWIgV+uj63AvQ2UUk85g7wmXJzTqk=",
        "owner": "Mic92",
        "repo": "sops-nix",
        "rev": "36b062a2c85a0efb37de1300c79c54602a094fab",
        "type": "github"
      },
      "original": {
        "owner": "Mic92",
        "repo": "sops-nix",
        "type": "github"
      }
    },
    "talhelper": {
      "inputs": {
        "flake-parts": "flake-parts_3",
        "nixpkgs": [
          "nixpkgs"
        ]
      },
      "locked": {
        "lastModified": 1683596264,
        "narHash": "sha256-aGOAz0IOAGcFWIpwdTgJgHqxERNN+L8awhpDsX0OJ4c=",
        "owner": "budimanjojo",
        "repo": "talhelper",
        "rev": "376e9e7620f4e1031c06c1cc9fa33b8c15e0a8ac",
        "type": "github"
      },
      "original": {
        "owner": "budimanjojo",
        "repo": "talhelper",
        "type": "github"
      }
    },
    "wlroots": {
      "flake": false,
      "locked": {
        "host": "gitlab.freedesktop.org",
        "lastModified": 1682436395,
        "narHash": "sha256-GGEjkQO9m7YLYIXIXM76HWdhjg4Ye+oafOtyaFAYKI4=",
        "owner": "wlroots",
        "repo": "wlroots",
        "rev": "6830bfc17fd94709e2cdd4da0af989f102a26e59",
        "type": "gitlab"
      },
      "original": {
        "host": "gitlab.freedesktop.org",
        "owner": "wlroots",
        "repo": "wlroots",
        "type": "gitlab"
      }
    },
    "xdph": {
      "inputs": {
        "hyprland-protocols": [
          "hyprland",
          "hyprland-protocols"
        ],
        "nixpkgs": [
          "hyprland",
          "nixpkgs"
        ]
      },
      "locked": {
        "lastModified": 1682439384,
        "narHash": "sha256-zHDa8LCZs05TZHQSIZ3ucwyMPglBGHcqTBzfkLjYXTM=",
        "owner": "hyprwm",
        "repo": "xdg-desktop-portal-hyprland",
        "rev": "c0e233955568fbea4e859336f6d3d14d51294d7c",
        "type": "github"
      },
      "original": {
        "owner": "hyprwm",
        "repo": "xdg-desktop-portal-hyprland",
        "type": "github"
      }
    }
  },
  "root": "root",
  "version": 7
}
